{
  "nodes": {
    "home-manager": {
      "inputs": {
        "nixpkgs": [
          "nixpkgs"
        ]
      },
      "locked": {
        "lastModified": 1758463745,
        "narHash": "sha256-uhzsV0Q0I9j2y/rfweWeGif5AWe0MGrgZ/3TjpDYdGA=",
        "owner": "nix-community",
        "repo": "home-manager",
        "rev": "3b955f5f0a942f9f60cdc9cacb7844335d0f21c3",
        "type": "github"
      },
      "original": {
        "owner": "nix-community",
        "ref": "release-25.05",
        "repo": "home-manager",
        "type": "github"
      }
    },
    "nixpkgs": {
      "locked": {
        "lastModified": 1759143472,
        "narHash": "sha256-TvODmeR2W7yX/JmOCmP+lAFNkTT7hAxYcF3Kz8SZV3w=",
        "owner": "nixos",
        "repo": "nixpkgs",
        "rev": "5ed4e25ab58fd4c028b59d5611e14ea64de51d23",
        "type": "github"
      },
      "original": {
        "owner": "nixos",
        "ref": "nixos-25.05",
        "repo": "nixpkgs",
        "type": "github"
      }
    },
    "plugin-gp": {
      "flake": false,
      "locked": {
        "lastModified": 1754903071,
        "narHash": "sha256-+K536d3WF5eHRTSgkhn1NLFHms67iw4A0Ql8OZ9TgTw=",
        "owner": "Robitx",
        "repo": "gp.nvim",
        "rev": "c37f154b97690c4925fef4e35ffdbf2c844b5f4e",
        "type": "github"
      },
      "original": {
        "owner": "Robitx",
        "repo": "gp.nvim",
        "type": "github"
      }
    },
    "plugin-nx": {
      "flake": false,
      "locked": {
        "lastModified": 1705164555,
        "narHash": "sha256-Yl7tg466650w4CZcuFdnUZhXk6z/uq0AHa64EKeZx/o=",
        "owner": "Equilibris",
        "repo": "nx.nvim",
        "rev": "f8a3a21b3d540889401a40d1f2803083794c0372",
        "type": "github"
      },
      "original": {
        "owner": "Equilibris",
        "repo": "nx.nvim",
        "type": "github"
      }
    },
    "plugin-vim-freemarker": {
      "flake": false,
      "locked": {
        "lastModified": 1499541341,
        "narHash": "sha256-g4GnutHqxOH0rhZZmx7YpqFWZ9a+lTC6SdNYvVrSPbY=",
        "owner": "andreshazard",
        "repo": "vim-freemarker",
        "rev": "993bda23e72e4c074659970c1e777cb19d8cf93e",
        "type": "github"
      },
      "original": {
        "owner": "andreshazard",
        "repo": "vim-freemarker",
        "type": "github"
      }
    },
    "root": {
      "inputs": {
        "home-manager": "home-manager",
        "nixpkgs": "nixpkgs",
        "plugin-gp": "plugin-gp",
        "plugin-nx": "plugin-nx",
        "plugin-vim-freemarker": "plugin-vim-freemarker"
      }
    }
  },
  "root": "root",
  "version": 7
}
