{
  "nodes": {
    "home-manager": {
      "inputs": {
        "nixpkgs": [
          "nixpkgs"
        ]
      },
      "locked": {
        "lastModified": 1720042825,
        "narHash": "sha256-A0vrUB6x82/jvf17qPCpxaM+ulJnD8YZwH9Ci0BsAzE=",
        "owner": "nix-community",
        "repo": "home-manager",
        "rev": "e1391fb22e18a36f57e6999c7a9f966dc80ac073",
        "type": "github"
      },
      "original": {
        "owner": "nix-community",
        "ref": "release-24.05",
        "repo": "home-manager",
        "type": "github"
      }
    },
    "nixpkgs": {
      "locked": {
        "lastModified": 1719956923,
        "narHash": "sha256-nNJHJ9kfPdzYsCOlHOnbiiyKjZUW5sWbwx3cakg3/C4=",
        "owner": "nixos",
        "repo": "nixpkgs",
        "rev": "706eef542dec88cc0ed25b9075d3037564b2d164",
        "type": "github"
      },
      "original": {
        "owner": "nixos",
        "ref": "nixos-24.05",
        "repo": "nixpkgs",
        "type": "github"
      }
    },
    "plugin-tailwindcss-cmp-colorizer": {
      "flake": false,
      "locked": {
        "lastModified": 1711194583,
        "narHash": "sha256-PIkfJzLt001TojAnE/rdRhgVEwSvCvUJm/vNPLSWjpY=",
        "owner": "roobert",
        "repo": "tailwindcss-colorizer-cmp.nvim",
        "rev": "3d3cd95e4a4135c250faf83dd5ed61b8e5502b86",
        "type": "github"
      },
      "original": {
        "owner": "roobert",
        "repo": "tailwindcss-colorizer-cmp.nvim",
        "type": "github"
      }
    },
    "root": {
      "inputs": {
        "home-manager": "home-manager",
        "nixpkgs": "nixpkgs",
        "plugin-tailwindcss-cmp-colorizer": "plugin-tailwindcss-cmp-colorizer"
      }
    }
  },
  "root": "root",
  "version": 7
}
