{
  "nodes": {
    "home-manager": {
      "inputs": {
        "nixpkgs": [
          "nixpkgs"
        ]
      },
      "locked": {
        "lastModified": 1731235328,
        "narHash": "sha256-NjavpgE9/bMe/ABvZpyHIUeYF1mqR5lhaep3wB79ucs=",
        "owner": "nix-community",
        "repo": "home-manager",
        "rev": "60bb110917844d354f3c18e05450606a435d2d10",
        "type": "github"
      },
      "original": {
        "owner": "nix-community",
        "repo": "home-manager",
        "type": "github"
      }
    },
    "nixpkgs": {
      "locked": {
        "lastModified": 1731139594,
        "narHash": "sha256-IigrKK3vYRpUu+HEjPL/phrfh7Ox881er1UEsZvw9Q4=",
        "owner": "nixos",
        "repo": "nixpkgs",
        "rev": "76612b17c0ce71689921ca12d9ffdc9c23ce40b2",
        "type": "github"
      },
      "original": {
        "owner": "nixos",
        "ref": "nixos-unstable",
        "repo": "nixpkgs",
        "type": "github"
      }
    },
    "plugin-conform": {
      "flake": false,
      "locked": {
        "lastModified": 1731295166,
        "narHash": "sha256-i36OS+hs8wd3SZgToLh+vkn1gNt3pvzGgCHalASsywA=",
        "owner": "stevearc",
        "repo": "conform.nvim",
        "rev": "8c354323201d04530727d8bdcc4669791ee082ef",
        "type": "github"
      },
      "original": {
        "owner": "stevearc",
        "repo": "conform.nvim",
        "type": "github"
      }
    },
    "plugin-git-file-history": {
      "flake": false,
      "locked": {
        "lastModified": 1727128584,
        "narHash": "sha256-rf5orEKvsS7gRcUb3+USmCK2SD84xusGU1xIIW8Ntyw=",
        "owner": "isak102",
        "repo": "telescope-git-file-history.nvim",
        "rev": "c27d99ba88ec5f0b6d2b9f9bc67dd3d14c610b25",
        "type": "github"
      },
      "original": {
        "owner": "isak102",
        "repo": "telescope-git-file-history.nvim",
        "type": "github"
      }
    },
    "plugin-gp": {
      "flake": false,
      "locked": {
        "lastModified": 1726734798,
        "narHash": "sha256-QUZrFU/+TPBEU8yi9gmyRYjI/u7DP88AxcS0RMk7Jvk=",
        "owner": "Robitx",
        "repo": "gp.nvim",
        "rev": "2372d5323c6feaa2e9c19f7ccb537c615d878e18",
        "type": "github"
      },
      "original": {
        "owner": "Robitx",
        "repo": "gp.nvim",
        "type": "github"
      }
    },
    "plugin-nx": {
      "flake": false,
      "locked": {
        "lastModified": 1705164555,
        "narHash": "sha256-Yl7tg466650w4CZcuFdnUZhXk6z/uq0AHa64EKeZx/o=",
        "owner": "Equilibris",
        "repo": "nx.nvim",
        "rev": "f8a3a21b3d540889401a40d1f2803083794c0372",
        "type": "github"
      },
      "original": {
        "owner": "Equilibris",
        "repo": "nx.nvim",
        "type": "github"
      }
    },
    "plugin-roslyn-lsp": {
      "flake": false,
      "locked": {
        "lastModified": 1731267563,
        "narHash": "sha256-fmpNVp0e5x5hbWSoy032FxiOqWXs1wytX9swGChYhhY=",
        "owner": "seblj",
        "repo": "roslyn.nvim",
        "rev": "6122b4c6216d7e6a0fd384038eae4d0f031fbc50",
        "type": "github"
      },
      "original": {
        "owner": "seblj",
        "repo": "roslyn.nvim",
        "type": "github"
      }
    },
    "plugin-tailwind-tools": {
      "flake": false,
      "locked": {
        "lastModified": 1730643973,
        "narHash": "sha256-y/i7US08H1AI7XOJmVH+UtWDGvX/ze07KkPbgzsHjZM=",
        "owner": "luckasRanarison",
        "repo": "tailwind-tools.nvim",
        "rev": "cfd8275caa16749b130c0eae2f737c5f66620efc",
        "type": "github"
      },
      "original": {
        "owner": "luckasRanarison",
        "repo": "tailwind-tools.nvim",
        "type": "github"
      }
    },
    "plugin-vim-razor": {
      "flake": false,
      "locked": {
        "lastModified": 1716867622,
        "narHash": "sha256-6obQ9nx3w/K8Jih/Xfub1iIYYl6f5GW9YEQmDZB38J8=",
        "owner": "jlcrochet",
        "repo": "vim-razor",
        "rev": "305dd1db88c657c0c02effbee1a88048479bb0c4",
        "type": "github"
      },
      "original": {
        "owner": "jlcrochet",
        "repo": "vim-razor",
        "type": "github"
      }
    },
    "root": {
      "inputs": {
        "home-manager": "home-manager",
        "nixpkgs": "nixpkgs",
        "plugin-conform": "plugin-conform",
        "plugin-git-file-history": "plugin-git-file-history",
        "plugin-gp": "plugin-gp",
        "plugin-nx": "plugin-nx",
        "plugin-roslyn-lsp": "plugin-roslyn-lsp",
        "plugin-tailwind-tools": "plugin-tailwind-tools",
        "plugin-vim-razor": "plugin-vim-razor"
      }
    }
  },
  "root": "root",
  "version": 7
}
